Microsoft Visual Studio Solution File, Format Version 11.00
# Visual Studio 2010
Project("{F184B08F-C81C-45F6-A57F-5ABD9991F28F}") = "mathtutor", "mathtutor\mathtutor.vbproj", "{7F216184-22A3-432B-9F0C-ED76811D5E98}"
# Visual Studio 2010
EndProject
# Visual Studio 2010
Global
# Visual Studio 2010
	GlobalSection(SolutionConfigurationPlatforms) = preSolution
# Visual Studio 2010
		Debug|Any CPU = Debug|Any CPU
# Visual Studio 2010
		Release|Any CPU = Release|Any CPU
# Visual Studio 2010
	EndGlobalSection
# Visual Studio 2010
	GlobalSection(ProjectConfigurationPlatforms) = postSolution
# Visual Studio 2010
		{7F216184-22A3-432B-9F0C-ED76811D5E98}.Debug|Any CPU.ActiveCfg = Debug|Any CPU
# Visual Studio 2010
		{7F216184-22A3-432B-9F0C-ED76811D5E98}.Debug|Any CPU.Build.0 = Debug|Any CPU
# Visual Studio 2010
		{7F216184-22A3-432B-9F0C-ED76811D5E98}.Release|Any CPU.ActiveCfg = Release|Any CPU
# Visual Studio 2010
		{7F216184-22A3-432B-9F0C-ED76811D5E98}.Release|Any CPU.Build.0 = Release|Any CPU
# Visual Studio 2010
	EndGlobalSection
# Visual Studio 2010
	GlobalSection(SolutionProperties) = preSolution
# Visual Studio 2010
		HideSolutionNode = FALSE
# Visual Studio 2010
	EndGlobalSection
# Visual Studio 2010
EndGlobal
